github.com/soypat/lneto v0.0.0-20260225155855-be949d960c6b h1:A9B9nPt4YrkgFEabevNKBO1Y0sXndbhrTyQcEmudqj8=
github.com/soypat/lneto v0.0.0-20260225155855-be949d960c6b/go.mod h1:g/8Lk+hIsMZydyWDJjK2YfsCuG6jA5mWCO6U+4S7w1U=
github.com/tinygo-org/pio v0.3.0 h1:opEnOtw58KGB4RJD3/n/Rd0/djYGX3DeJiXLI6y/yDI=
github.com/tinygo-org/pio v0.3.0/go.mod h1:wf6c6lKZp+pQOzKKcpzchmRuhiMc27ABRuo7KVnaMFU=
