github.com/soypat/natiu-mqtt v0.6.0 h1:ddrem9iAqFYtQOx2C7AhCizhPXXmGZs1T5fkvLroPO4=
github.com/soypat/natiu-mqtt v0.6.0/go.mod h1:xEta+cwop9izVCW7xOx2W+ct9PRMqr0gNVkvBPnQTc4=
github.com/tinygo-org/pio v0.3.0 h1:opEnOtw58KGB4RJD3/n/Rd0/djYGX3DeJiXLI6y/yDI=
github.com/tinygo-org/pio v0.3.0/go.mod h1:wf6c6lKZp+pQOzKKcpzchmRuhiMc27ABRuo7KVnaMFU=
